# This file is autogenerated and supposed to be committed to the git repository.
# Changing this file is not recommended and will likely break the build.

[conda]
annotated-types=0.7.0=pyhd8ed1ab_1 @ 77dc15eb
anyio=4.9.0=pyh29332c3_0 @ 77dc15eb
aws-c-auth=0.9.0=h6f6228c_7 @ c9a01b68
aws-c-cal=0.9.0=h03444cf_1 @ c9a01b68
aws-c-common=0.12.3=h5505292_0 @ c9a01b68
aws-c-compression=0.3.1=hca07070_5 @ c9a01b68
aws-c-event-stream=0.5.4=hb287a2c_9 @ c9a01b68
aws-c-http=0.10.1=hb5ff02a_1 @ c9a01b68
aws-c-io=0.19.0=h0d73315_2 @ c9a01b68
aws-c-mqtt=0.13.0=h60badbd_3 @ c9a01b68
aws-c-s3=0.7.17=hae297ed_2 @ c9a01b68
aws-c-sdkutils=0.2.3=hca07070_5 @ c9a01b68
aws-checksums=0.2.7=hca07070_1 @ c9a01b68
aws-crt-cpp=0.32.5=h97239b0_3 @ c9a01b68
aws-sdk-cpp=1.11.510=h00d5ffe_8 @ c9a01b68
azure-core-cpp=1.14.0=hd50102c_0 @ c9a01b68
azure-identity-cpp=1.10.0=hc602bab_0 @ c9a01b68
azure-storage-blobs-cpp=12.13.0=h7585a09_1 @ c9a01b68
azure-storage-common-cpp=12.8.0=h9ca1f76_1 @ c9a01b68
azure-storage-files-datalake-cpp=12.12.0=hcdd55da_1 @ c9a01b68
brotli-python=1.1.0=py312hde4cb15_2 @ c9a01b68
bzip2=1.0.8=h99b78c6_7 @ c9a01b68
c-ares=1.34.5=h5505292_0 @ c9a01b68
ca-certificates=2025.4.26=hbd8a1cb_0 @ 2cda1526
certifi=2025.4.26=pyhd8ed1ab_0 @ 2cda1526
cffi=1.17.1=py312h0fad829_0 @ c9a01b68
charset-normalizer=3.4.2=pyhd8ed1ab_0 @ 2cda1526
conjure-python-client=2.12.0=pyhd8ed1ab_1 @ 2cda1526
decorator=5.2.1=pyhd8ed1ab_0 @ 2cda1526
exceptiongroup=1.3.0=pyhd8ed1ab_0 @ 77dc15eb
external-systems=0.104.0=pyhd8ed1ab_0 @ 77dc15eb
foundry-container-sidecar-api=0.1754.0=py_0 @ 5a011d5e
foundry-data-sidecar-api=0.836.0=py_0 @ 5a011d5e
foundry-platform-sdk=1.9.0=pyhd8ed1ab_0 @ 77dc15eb
foundry-transforms-lib-python=0.857.0=py_0 @ 5a011d5e
frozendict=2.4.6=py312h0bf5046_0 @ c9a01b68
future=1.0.0=pyhd8ed1ab_2 @ 2cda1526
gflags=2.2.2=hf9b8971_1005 @ c9a01b68
glog=0.7.1=heb240a5_0 @ c9a01b68
h11=0.16.0=pyhd8ed1ab_0 @ 77dc15eb
h2=4.2.0=pyhd8ed1ab_0 @ 2cda1526
hpack=4.1.0=pyhd8ed1ab_0 @ 2cda1526
httpcore=1.0.9=pyh29332c3_0 @ 77dc15eb
httpx=0.28.1=pyhd8ed1ab_0 @ 77dc15eb
hyperframe=6.1.0=pyhd8ed1ab_0 @ 2cda1526
icu=75.1=hfee45f7_0 @ c9a01b68
idna=3.10=pyhd8ed1ab_1 @ 2cda1526
importlib-metadata=8.6.1=pyha770c72_0 @ 2cda1526
krb5=1.21.3=h237132a_0 @ c9a01b68
libabseil=20250127.1=cxx17_h07bc746_0 @ c9a01b68
libarrow=20.0.0=h271b6f8_3_cpu @ c9a01b68
libarrow-acero=20.0.0=hf07054f_3_cpu @ c9a01b68
libarrow-dataset=20.0.0=hf07054f_3_cpu @ c9a01b68
libarrow-substrait=20.0.0=he749cb8_3_cpu @ c9a01b68
libblas=3.9.0=31_h10e41b3_openblas @ c9a01b68
libbrotlicommon=1.1.0=hd74edd7_2 @ c9a01b68
libbrotlidec=1.1.0=hd74edd7_2 @ c9a01b68
libbrotlienc=1.1.0=hd74edd7_2 @ c9a01b68
libcblas=3.9.0=31_hb3479ef_openblas @ c9a01b68
libcrc32c=1.1.2=hbdafb3b_0 @ fc9d1be6
libcurl=8.13.0=h73640d1_0 @ c9a01b68
libcxx=20.1.5=ha82da77_0 @ c9a01b68
libedit=3.1.20250104=pl5321hafb1f1b_0 @ c9a01b68
libev=4.33=h93a5062_2 @ c9a01b68
libevent=2.1.12=h2757513_1 @ c9a01b68
libexpat=2.7.0=h286801f_0 @ c9a01b68
libffi=3.4.6=h1da3d7d_1 @ c9a01b68
libgfortran=14.2.0=heb5dd2a_105 @ c9a01b68
libgfortran5=14.2.0=h2c44a93_105 @ c9a01b68
libgoogle-cloud=2.36.0=h9484b08_1 @ c9a01b68
libgoogle-cloud-storage=2.36.0=h7081f7f_1 @ c9a01b68
libgrpc=1.71.0=h857da87_1 @ c9a01b68
libiconv=1.18=hfe07756_1 @ c9a01b68
liblapack=3.9.0=31_hc9a63f6_openblas @ c9a01b68
liblzma=5.8.1=h39f12f2_1 @ c9a01b68
libnghttp2=1.64.0=h6d7220d_0 @ c9a01b68
libopenblas=0.3.29=openmp_hf332438_0 @ c9a01b68
libopentelemetry-cpp=1.20.0=h0181452_0 @ c9a01b68
libopentelemetry-cpp-headers=1.20.0=hce30654_0 @ c9a01b68
libparquet=20.0.0=h636d7b7_3_cpu @ c9a01b68
libprotobuf=5.29.3=hccd9074_1 @ c9a01b68
libre2-11=2024.07.02=hd41c47c_3 @ c9a01b68
libsqlite=3.49.2=h3f77e49_0 @ c9a01b68
libssh2=1.11.1=h9cc3647_0 @ c9a01b68
libthrift=0.21.0=h64651cc_0 @ c9a01b68
libutf8proc=2.10.0=hda25de7_0 @ c9a01b68
libxml2=2.13.8=h52572c6_0 @ c9a01b68
libzlib=1.3.1=h8359307_2 @ c9a01b68
llvm-openmp=20.1.5=hdb05f8b_0 @ c9a01b68
lz4-c=1.10.0=h286801f_1 @ c9a01b68
ncurses=6.5=h5e97a16_3 @ c9a01b68
nlohmann_json=3.12.0=ha1acc90_0 @ c9a01b68
numpy=1.26.4=py312h8442bc7_0 @ c9a01b68
openssl=3.5.0=h81ee809_1 @ c9a01b68
orc=2.1.2=hd90e43c_0 @ c9a01b68
packaging=25.0=pyh29332c3_1 @ 2cda1526
palantir-spark-time=3.24.0=py_0 @ 586315a4
parsimonious=0.10.0=pyhd8ed1ab_1 @ 2cda1526
pip=25.1.1=pyh8b19718_0 @ 2cda1526
polars=1.26.0=py312hc3c60d3_0 @ c9a01b68
prometheus-cpp=1.3.0=h0967b3e_0 @ c9a01b68
py4j=0.10.9.7=pyhd8ed1ab_0 @ 586315a4
pyaml=25.1.0=pyhd8ed1ab_0 @ 2cda1526
pyarrow=20.0.0=py312h1f38498_0 @ c9a01b68
pyarrow-core=20.0.0=py312hc40f475_0_cpu @ c9a01b68
pycparser=2.22=pyh29332c3_1 @ 2cda1526
pydantic=2.11.4=pyh3cfb1c2_0 @ 77dc15eb
pydantic-core=2.33.2=py312hd3c0895_0 @ c9a01b68
pysocks=1.7.1=pyha55dd90_7 @ 2cda1526
pyspark=3.5.1.47=py_0 @ 586315a4
pyspark-src=3.5.1.47=py_0 @ 586315a4
python=3.12.10=hc22306f_0_cpython @ c9a01b68
python-dateutil=2.9.0.post0=pyhff2d567_1 @ 2cda1526
python_abi=3.12=7_cp312 @ ef0213ca
pytz=2025.2=pyhd8ed1ab_0 @ 2cda1526
pyyaml=6.0.2=py312h998013c_2 @ c9a01b68
re2=2024.07.02=h6589ca4_3 @ c9a01b68
readline=8.2=h1d1bf99_2 @ c9a01b68
regex=2024.11.6=py312hea69d52_0 @ c9a01b68
requests=2.32.3=pyhd8ed1ab_1 @ 2cda1526
setuptools=70.0.0=pyhd8ed1ab_0 @ 2cda1526
six=1.17.0=pyhd8ed1ab_0 @ 2cda1526
snappy=1.2.1=h98b9ce2_1 @ c9a01b68
sniffio=1.3.1=pyhd8ed1ab_1 @ 77dc15eb
tables-api=0.1066.0=py_0 @ 5a011d5e
tk=8.6.13=h5083fa2_1 @ c9a01b68
transforms=2.345.0=py_0 @ 586315a4
transforms-expectations=0.807.0=py_0 @ a0b41669
transforms-external-systems=0.807.0=py_0 @ a0b41669
transforms-preview=0.807.0=py_0 @ a0b41669
transforms-verbs=0.807.0=py_0 @ a0b41669
typeguard=4.4.2=pyhd8ed1ab_0 @ 2cda1526
types-requests=2.32.0.20250515=pyhd8ed1ab_0 @ 77dc15eb
typing-extensions=4.13.2=h0e9735f_0 @ 2cda1526
typing-inspection=0.4.0=pyhd8ed1ab_0 @ 77dc15eb
typing_extensions=4.13.2=pyh29332c3_0 @ 2cda1526
tzdata=2025b=h78e105d_0 @ 2cda1526
urllib3=2.4.0=pyhd8ed1ab_0 @ 2cda1526
wheel=0.45.1=pyhd8ed1ab_1 @ 2cda1526
yaml=0.2.5=h3422bc3_2 @ fc9d1be6
zipp=3.21.0=pyhd8ed1ab_1 @ 2cda1526
zlib=1.3.1=h8359307_2 @ c9a01b68
zstandard=0.23.0=py312hea69d52_2 @ c9a01b68
zstd=1.5.7=h6491c7d_2 @ c9a01b68

[pip]

[conda-metadata]
2cda1526 - noarch @ conda @ ri.transforms.python.artifacts.repository
586315a4 - noarch @ tar.bz2 @ ri.transforms.python.artifacts.repository
5a011d5e - noarch @ tar.bz2 @ ri.artifacts.repository.python-library.foundry-transforms-lib
77dc15eb - noarch @ conda @ ri.transforms-addons-bundle..artifacts.bundle
a0b41669 - noarch @ tar.bz2 @ ri.transforms-addons-bundle..artifacts.bundle
c9a01b68 - osx-arm64 @ conda @ ri.artifacts.repository.artifactory.external-conda-forge
ef0213ca - noarch @ conda @ ri.transforms.python.artifacts.runtime
fc9d1be6 - osx-arm64 @ tar.bz2 @ ri.artifacts.repository.artifactory.external-conda-forge

[pip-indices]
ri.stemma.main.repository.71f6a670-d8fd-4b18-a0f0-c11d910dda81

[cran-repos]
ri.stemma.main.repository.71f6a670-d8fd-4b18-a0f0-c11d910dda81

[conda lock version]
v3 - 79cd8fd4a8adb017f7e7324fda33cdb0635c19b6dac8e11bed43ac30e84d1e2c
