# This file is autogenerated and supposed to be committed to the git repository.
# Changing this file is not recommended and will likely break the build.

[conda]
_libgcc_mutex=0.1=main @ 426e1572
_openmp_mutex=5.1=1_gnu @ 426e1572
aiobotocore=2.22.0=pyhd8ed1ab_0 @ 77dc15eb
aiohappyeyeballs=2.6.1=pyhd8ed1ab_0 @ 77dc15eb
aiohttp=3.11.18=py312h178313f_0 @ ad241afe
aioitertools=0.12.0=pyhd8ed1ab_1 @ 77dc15eb
aiosignal=1.3.2=pyhd8ed1ab_0 @ 77dc15eb
attrs=25.3.0=pyh71513ae_0 @ 2cda1526
aws-c-auth=0.8.0=hb88c0a9_10 @ 426e1572
aws-c-cal=0.8.0=hecf86a2_2 @ 426e1572
aws-c-common=0.10.3=hb9d3cd8_0 @ 426e1572
aws-c-compression=0.3.0=hf42f96a_2 @ 426e1572
aws-c-event-stream=0.5.0=h1ffe551_7 @ 426e1572
aws-c-http=0.9.1=hab05fe4_2 @ 426e1572
aws-c-io=0.15.2=hdeadb07_2 @ 426e1572
aws-c-mqtt=0.11.0=h7bd072d_8 @ 426e1572
aws-c-s3=0.7.4=h3a84f74_0 @ 426e1572
aws-c-sdkutils=0.2.1=hf42f96a_1 @ 426e1572
aws-checksums=0.2.2=hf42f96a_1 @ 426e1572
aws-crt-cpp=0.29.6=h159bff8_2 @ 426e1572
aws-sdk-cpp=1.11.449=h5558e3c_4 @ 426e1572
azure-core-cpp=1.14.0=h5cfcd09_0 @ 426e1572
azure-identity-cpp=1.10.0=h113e628_0 @ 426e1572
azure-storage-blobs-cpp=12.13.0=h3cf044e_1 @ 426e1572
azure-storage-common-cpp=12.8.0=h736e048_1 @ 426e1572
azure-storage-files-datalake-cpp=12.12.0=ha633028_1 @ 426e1572
botocore=1.37.3=pyge310_1234567_0 @ 77dc15eb
brotli-python=1.1.0=py312h2ec8cdc_2 @ 8ea01637
bzip2=1.0.8=h4bc722e_7 @ 426e1572
c-ares=1.34.5=hb9d3cd8_0 @ 426e1572
ca-certificates=2025.4.26=hbd8a1cb_0 @ 2cda1526
certifi=2025.4.26=pyhd8ed1ab_0 @ 2cda1526
cffi=1.17.1=py312h06ac9bb_0 @ 8ea01637
charset-normalizer=3.4.2=pyhd8ed1ab_0 @ 2cda1526
conjure-python-client=2.12.0=pyhd8ed1ab_1 @ 2cda1526
decorator=5.2.1=pyhd8ed1ab_0 @ 2cda1526
foundry-container-sidecar-api=0.1754.0=py_0 @ 5a011d5e
foundry-data-sidecar-api=0.836.0=py_0 @ 5a011d5e
foundry-transforms-lib-python=0.865.0=py_0 @ 5a011d5e
frozenlist=1.6.0=py312hb9e946c_0 @ ad241afe
fsspec=2025.5.0=pyhd8ed1ab_0 @ 931c1ab2
future=1.0.0=pyhd8ed1ab_2 @ 2cda1526
gflags=2.2.2=h5888daf_1005 @ 426e1572
glog=0.7.1=hbabe93e_0 @ 426e1572
h2=4.2.0=pyhd8ed1ab_0 @ 2cda1526
hpack=4.1.0=pyhd8ed1ab_0 @ 2cda1526
hyperframe=6.1.0=pyhd8ed1ab_0 @ 2cda1526
icu=75.1=he02047a_0 @ 426e1572
idna=3.10=pyhd8ed1ab_1 @ 2cda1526
importlib-metadata=8.6.1=pyha770c72_0 @ 2cda1526
jmespath=1.0.1=pyhd8ed1ab_1 @ 77dc15eb
keyutils=1.6.1=h166bdaf_0 @ 6c0115f0
krb5=1.21.3=h659f571_0 @ 426e1572
ld_impl_linux-64=2.43=h712a8e2_4 @ 426e1572
libabseil=20240722.0=cxx17_hbbce691_4 @ 426e1572
libarrow=18.1.0=he15abb1_1_cpu @ 426e1572
libarrow-acero=18.1.0=h5888daf_1_cpu @ 426e1572
libarrow-dataset=18.1.0=h5888daf_1_cpu @ 426e1572
libarrow-substrait=18.1.0=h5c8f2c3_1_cpu @ 426e1572
libblas=3.9.0=31_h59b9bed_openblas @ 426e1572
libbrotlicommon=1.1.0=hb9d3cd8_2 @ 426e1572
libbrotlidec=1.1.0=hb9d3cd8_2 @ 426e1572
libbrotlienc=1.1.0=hb9d3cd8_2 @ 426e1572
libcblas=3.9.0=31_he106b2a_openblas @ 426e1572
libcrc32c=1.1.2=h9c3ff4c_0 @ 6c0115f0
libcurl=8.13.0=h332b0f4_0 @ 426e1572
libedit=3.1.20250104=pl5321h7949ede_0 @ 426e1572
libev=4.33=hd590300_2 @ 426e1572
libevent=2.1.12=hf998b51_1 @ 426e1572
libexpat=2.7.0=h5888daf_0 @ 426e1572
libffi=3.4.6=h2dba641_1 @ 426e1572
libgcc=15.1.0=h767d61c_2 @ 426e1572
libgcc-ng=15.1.0=h69a702a_2 @ 426e1572
libgfortran=15.1.0=h69a702a_2 @ 426e1572
libgfortran5=15.1.0=hcea5267_2 @ 426e1572
libgomp=15.1.0=h767d61c_2 @ 426e1572
libgoogle-cloud=2.31.0=h804f50b_0 @ 426e1572
libgoogle-cloud-storage=2.31.0=h0121fbd_0 @ 426e1572
libgrpc=1.67.1=hc2c308b_0 @ 426e1572
libiconv=1.18=h4ce23a2_1 @ 426e1572
liblapack=3.9.0=31_h7ac8fdf_openblas @ 426e1572
liblzma=5.8.1=hb9d3cd8_1 @ 426e1572
libnghttp2=1.64.0=h161d5f1_0 @ 426e1572
libnsl=2.0.1=hd590300_0 @ 426e1572
libopenblas=0.3.29=pthreads_h94d23a6_0 @ 426e1572
libparquet=18.1.0=h6bd9018_1_cpu @ 426e1572
libprotobuf=5.28.2=h5b01275_0 @ 426e1572
libre2-11=2024.07.02=hbbce691_2 @ 426e1572
libsqlite=3.49.2=hee588c1_0 @ 426e1572
libssh2=1.11.1=hf672d98_0 @ 426e1572
libstdcxx=15.1.0=h8f9b012_2 @ 426e1572
libstdcxx-ng=15.1.0=h4852527_2 @ 426e1572
libthrift=0.21.0=h0e7cc3e_0 @ 426e1572
libutf8proc=2.8.0=hf23e847_1 @ 426e1572
libuuid=2.38.1=h0b41bf4_0 @ 426e1572
libxcrypt=4.4.36=hd590300_1 @ 426e1572
libxml2=2.13.8=h4bc477f_0 @ 426e1572
libzlib=1.3.1=hb9d3cd8_2 @ 426e1572
lz4-c=1.9.4=h6a678d5_1 @ 426e1572
multidict=6.4.4=py312h178313f_0 @ ad241afe
ncurses=6.5=h2d0b736_3 @ 426e1572
numpy=1.26.4=py312heda63a1_0 @ 8ea01637
openssl=3.5.0=h7b32b05_1 @ 426e1572
orc=2.0.3=he039a57_0 @ 426e1572
packaging=25.0=pyh29332c3_1 @ 2cda1526
palantir-spark-time=3.24.0=py_0 @ 586315a4
parsimonious=0.10.0=pyhd8ed1ab_1 @ 2cda1526
pip=25.1.1=pyh8b19718_0 @ 2cda1526
polars=1.26.0=py312hda0fa55_0 @ ad241afe
propcache=0.3.1=py312h178313f_0 @ ad241afe
py4j=0.10.9.7=pyhd8ed1ab_0 @ 586315a4
pyaml=25.1.0=pyhd8ed1ab_0 @ 2cda1526
pyarrow=18.1.0=py312h7900ff3_0 @ ad241afe
pyarrow-core=18.1.0=py312h01725c0_0_cpu @ ad241afe
pycparser=2.22=pyh29332c3_1 @ 2cda1526
pysocks=1.7.1=pyha55dd90_7 @ 2cda1526
pyspark=3.5.1.47=py_0 @ 586315a4
pyspark-src=3.5.1.47=py_0 @ 586315a4
python=3.12.10=h9e4cc4f_0_cpython @ 03c11416
python-dateutil=2.9.0.post0=pyhff2d567_1 @ 2cda1526
python_abi=3.12=7_cp312 @ ef0213ca
pytz=2025.2=pyhd8ed1ab_0 @ 2cda1526
pyyaml=6.0.2=py312h178313f_2 @ 03c11416
re2=2024.07.02=h9925aae_2 @ 426e1572
readline=8.2=h8c095d6_2 @ 426e1572
regex=2024.11.6=py312h66e93f0_0 @ ad241afe
requests=2.32.3=pyhd8ed1ab_1 @ 2cda1526
s2n=1.5.9=h0fd0ee4_0 @ 426e1572
s3fs=2025.5.0=pyhd8ed1ab_0 @ 931c1ab2
setuptools=70.0.0=pyhd8ed1ab_0 @ 2cda1526
six=1.17.0=pyhd8ed1ab_0 @ 2cda1526
snappy=1.2.1=h8bd8927_1 @ 426e1572
tables-api=0.1066.0=py_0 @ 5a011d5e
tk=8.6.13=noxft_h4845f30_101 @ 426e1572
transforms=2.345.0=py_0 @ 586315a4
transforms-container-ops-python=0.81.0=py312 @ 738f1daa
transforms-expectations=0.807.0=py_0 @ a0b41669
transforms-preview=0.807.0=py_0 @ a0b41669
transforms-verbs=0.807.0=py_0 @ a0b41669
typeguard=4.4.2=pyhd8ed1ab_0 @ 2cda1526
typing-extensions=4.13.2=h0e9735f_0 @ 2cda1526
typing_extensions=4.13.2=pyh29332c3_0 @ 2cda1526
tzdata=2025b=h78e105d_0 @ 2cda1526
urllib3=2.4.0=pyhd8ed1ab_0 @ 2cda1526
wheel=0.45.1=pyhd8ed1ab_1 @ 2cda1526
wrapt=1.17.2=py312h66e93f0_0 @ ad241afe
yaml=0.2.5=h7f98852_2 @ 6c0115f0
yarl=1.20.0=py312h178313f_0 @ ad241afe
zipp=3.21.0=pyhd8ed1ab_1 @ 2cda1526
zstandard=0.23.0=py312h66e93f0_2 @ 8ea01637
zstd=1.5.7=hb8e6e7a_2 @ 426e1572

[pip]

[conda-metadata]
03c11416 - linux-64 @ conda @ ri.transforms.python.artifacts.runtime
2cda1526 - noarch @ conda @ ri.transforms.python.artifacts.repository
426e1572 - linux-64 @ conda @ ri.transforms.python.artifacts.repository
586315a4 - noarch @ tar.bz2 @ ri.transforms.python.artifacts.repository
5a011d5e - noarch @ tar.bz2 @ ri.artifacts.repository.python-library.foundry-transforms-lib
6c0115f0 - linux-64 @ tar.bz2 @ ri.transforms.python.artifacts.repository
738f1daa - linux-64 @ tar.bz2 @ ri.artifacts.repository.python-library.foundry-transforms-lib
77dc15eb - noarch @ conda @ ri.transforms-addons-bundle..artifacts.bundle
8ea01637 - linux-64 @ conda @ ri.transforms-addons-bundle..artifacts.bundle
931c1ab2 - noarch @ conda @ ri.artifacts.repository.artifactory.external-conda-forge
a0b41669 - noarch @ tar.bz2 @ ri.transforms-addons-bundle..artifacts.bundle
ad241afe - linux-64 @ conda @ ri.artifacts.repository.artifactory.external-conda-forge
ef0213ca - noarch @ conda @ ri.transforms.python.artifacts.runtime

[pip-indices]
ri.stemma.main.repository.71f6a670-d8fd-4b18-a0f0-c11d910dda81

[cran-repos]
ri.stemma.main.repository.71f6a670-d8fd-4b18-a0f0-c11d910dda81

[conda lock version]
v3 - 7efa408b40aaa3949abeb7e52000a286635c19b6dac8e11bed43ac30e84d1e2c
